
Microsoft Visual Studio Solution File, Format Version 12.00
# Visual Studio Version 16
VisualStudioVersion = 16.0.32106.194
MinimumVisualStudioVersion = 10.0.40219.1
Project("{9A19103F-16F7-4668-BE54-9A1E7A4F7556}") = "F27T0P_HFT_2021222.Client", "F27T0P_HFT_2021222.Client\F27T0P_HFT_2021222.Client.csproj", "{2D3BA2D9-4794-4BF6-A545-5348B276C719}"
EndProject
Project("{9A19103F-16F7-4668-BE54-9A1E7A4F7556}") = "F27T0P_HFT_2021222.Models", "F27T0P_HFT_2021222.Models\F27T0P_HFT_2021222.Models.csproj", "{6900CE2C-4F78-4C6C-B3EE-87AF2D4E98BC}"
EndProject
Project("{9A19103F-16F7-4668-BE54-9A1E7A4F7556}") = "F27T0P_HFT_2021222.Logic", "F27T0P_HFT_2021222.Logic\F27T0P_HFT_2021222.Logic.csproj", "{0AAA9CC3-9A33-4E00-85AE-F1B348F6D99F}"
EndProject
Project("{9A19103F-16F7-4668-BE54-9A1E7A4F7556}") = "F27T0P_HFT_2021222.Repository", "F27T0P_HFT_2021222.Repository\F27T0P_HFT_2021222.Repository.csproj", "{ED24DAD8-1BED-41C5-8CF2-0A8113076DA6}"
EndProject
Project("{9A19103F-16F7-4668-BE54-9A1E7A4F7556}") = "F27T0P_HFT_2021222.Endpoint", "F27T0P_HFT_2021222.Endpoint\F27T0P_HFT_2021222.Endpoint.csproj", "{BFFCBFE0-88FB-4533-A477-0C281AC1BA2B}"
EndProject
Project("{9A19103F-16F7-4668-BE54-9A1E7A4F7556}") = "F27T0P_HFT_2021222.Test", "F27T0P_HFT_2021222.Test\F27T0P_HFT_2021222.Test.csproj", "{09FF0426-434D-4D70-9CD3-B9F1E2D6B855}"
EndProject
Project("{2150E333-8FDC-42A3-9474-1A3956D46DE8}") = "Backend", "Backend", "{7E28B7A3-4A9A-4797-B95E-FEA4FF9C368D}"
EndProject
Project("{2150E333-8FDC-42A3-9474-1A3956D46DE8}") = "Frontend", "Frontend", "{13064326-5A8B-4F18-9B6A-DCC85B34BECE}"
EndProject
Project("{2150E333-8FDC-42A3-9474-1A3956D46DE8}") = "Shared", "Shared", "{2A567387-6AF6-41F6-8D12-8BB6DDE3F083}"
EndProject
Project("{2150E333-8FDC-42A3-9474-1A3956D46DE8}") = "Others", "Others", "{53DA3E95-EB2C-4BCE-AD8A-2B533CA8AA74}"
	ProjectSection(SolutionItems) = preProject
		.gitignore = .gitignore
	EndProjectSection
EndProject
Global
	GlobalSection(SolutionConfigurationPlatforms) = preSolution
		Debug|Any CPU = Debug|Any CPU
		Release|Any CPU = Release|Any CPU
	EndGlobalSection
	GlobalSection(ProjectConfigurationPlatforms) = postSolution
		{2D3BA2D9-4794-4BF6-A545-5348B276C719}.Debug|Any CPU.ActiveCfg = Debug|Any CPU
		{2D3BA2D9-4794-4BF6-A545-5348B276C719}.Debug|Any CPU.Build.0 = Debug|Any CPU
		{2D3BA2D9-4794-4BF6-A545-5348B276C719}.Release|Any CPU.ActiveCfg = Release|Any CPU
		{2D3BA2D9-4794-4BF6-A545-5348B276C719}.Release|Any CPU.Build.0 = Release|Any CPU
		{6900CE2C-4F78-4C6C-B3EE-87AF2D4E98BC}.Debug|Any CPU.ActiveCfg = Debug|Any CPU
		{6900CE2C-4F78-4C6C-B3EE-87AF2D4E98BC}.Debug|Any CPU.Build.0 = Debug|Any CPU
		{6900CE2C-4F78-4C6C-B3EE-87AF2D4E98BC}.Release|Any CPU.ActiveCfg = Release|Any CPU
		{6900CE2C-4F78-4C6C-B3EE-87AF2D4E98BC}.Release|Any CPU.Build.0 = Release|Any CPU
		{0AAA9CC3-9A33-4E00-85AE-F1B348F6D99F}.Debug|Any CPU.ActiveCfg = Debug|Any CPU
		{0AAA9CC3-9A33-4E00-85AE-F1B348F6D99F}.Debug|Any CPU.Build.0 = Debug|Any CPU
		{0AAA9CC3-9A33-4E00-85AE-F1B348F6D99F}.Release|Any CPU.ActiveCfg = Release|Any CPU
		{0AAA9CC3-9A33-4E00-85AE-F1B348F6D99F}.Release|Any CPU.Build.0 = Release|Any CPU
		{ED24DAD8-1BED-41C5-8CF2-0A8113076DA6}.Debug|Any CPU.ActiveCfg = Debug|Any CPU
		{ED24DAD8-1BED-41C5-8CF2-0A8113076DA6}.Debug|Any CPU.Build.0 = Debug|Any CPU
		{ED24DAD8-1BED-41C5-8CF2-0A8113076DA6}.Release|Any CPU.ActiveCfg = Release|Any CPU
		{ED24DAD8-1BED-41C5-8CF2-0A8113076DA6}.Release|Any CPU.Build.0 = Release|Any CPU
		{BFFCBFE0-88FB-4533-A477-0C281AC1BA2B}.Debug|Any CPU.ActiveCfg = Debug|Any CPU
		{BFFCBFE0-88FB-4533-A477-0C281AC1BA2B}.Debug|Any CPU.Build.0 = Debug|Any CPU
		{BFFCBFE0-88FB-4533-A477-0C281AC1BA2B}.Release|Any CPU.ActiveCfg = Release|Any CPU
		{BFFCBFE0-88FB-4533-A477-0C281AC1BA2B}.Release|Any CPU.Build.0 = Release|Any CPU
		{09FF0426-434D-4D70-9CD3-B9F1E2D6B855}.Debug|Any CPU.ActiveCfg = Debug|Any CPU
		{09FF0426-434D-4D70-9CD3-B9F1E2D6B855}.Debug|Any CPU.Build.0 = Debug|Any CPU
		{09FF0426-434D-4D70-9CD3-B9F1E2D6B855}.Release|Any CPU.ActiveCfg = Release|Any CPU
		{09FF0426-434D-4D70-9CD3-B9F1E2D6B855}.Release|Any CPU.Build.0 = Release|Any CPU
	EndGlobalSection
	GlobalSection(SolutionProperties) = preSolution
		HideSolutionNode = FALSE
	EndGlobalSection
	GlobalSection(NestedProjects) = preSolution
		{2D3BA2D9-4794-4BF6-A545-5348B276C719} = {13064326-5A8B-4F18-9B6A-DCC85B34BECE}
		{6900CE2C-4F78-4C6C-B3EE-87AF2D4E98BC} = {2A567387-6AF6-41F6-8D12-8BB6DDE3F083}
		{0AAA9CC3-9A33-4E00-85AE-F1B348F6D99F} = {7E28B7A3-4A9A-4797-B95E-FEA4FF9C368D}
		{ED24DAD8-1BED-41C5-8CF2-0A8113076DA6} = {7E28B7A3-4A9A-4797-B95E-FEA4FF9C368D}
		{BFFCBFE0-88FB-4533-A477-0C281AC1BA2B} = {7E28B7A3-4A9A-4797-B95E-FEA4FF9C368D}
		{09FF0426-434D-4D70-9CD3-B9F1E2D6B855} = {7E28B7A3-4A9A-4797-B95E-FEA4FF9C368D}
	EndGlobalSection
	GlobalSection(ExtensibilityGlobals) = postSolution
		SolutionGuid = {F92DB4EE-FAFB-4163-8A76-A8C54BAB719E}
	EndGlobalSection
EndGlobal
